// !$*UTF8*$!
{
	archiveVersion = 1;
	classes = {
	};
	objectVersion = 46;
	objects = {

/* Begin PBXBuildFile section */
		BFDC0F0919DFB6C000EC23AE /* RSTWebViewController.m in Sources */ = {isa = PBXBuildFile; fileRef = BFDC0F0819DFB6BF00EC23AE /* RSTWebViewController.m */; };
		BFDC0F0E19DFB6C800EC23AE /* back_button.png in Resources */ = {isa = PBXBuildFile; fileRef = BFDC0F0A19DFB6C800EC23AE /* back_button.png */; };
		BFDC0F0F19DFB6C800EC23AE /* back_button@2x.png in Resources */ = {isa = PBXBuildFile; fileRef = BFDC0F0B19DFB6C800EC23AE /* back_button@2x.png */; };
		BFDC0F1019DFB6C800EC23AE /* forward_button.png in Resources */ = {isa = PBXBuildFile; fileRef = BFDC0F0C19DFB6C800EC23AE /* forward_button.png */; };
		BFDC0F1119DFB6C800EC23AE /* forward_button@2x.png in Resources */ = {isa = PBXBuildFile; fileRef = BFDC0F0D19DFB6C800EC23AE /* forward_button@2x.png */; };
		BFDC0F1619DFB6D000EC23AE /* chrome_activity.png in Resources */ = {isa = PBXBuildFile; fileRef = BFDC0F1219DFB6D000EC23AE /* chrome_activity.png */; };
		BFDC0F1719DFB6D000EC23AE /* chrome_activity@2x.png in Resources */ = {isa = PBXBuildFile; fileRef = BFDC0F1319DFB6D000EC23AE /* chrome_activity@2x.png */; };
		BFDC0F1819DFB6D000EC23AE /* safari_activity.png in Resources */ = {isa = PBXBuildFile; fileRef = BFDC0F1419DFB6D000EC23AE /* safari_activity.png */; };
		BFDC0F1919DFB6D000EC23AE /* safari_activity@2x.png in Resources */ = {isa = PBXBuildFile; fileRef = BFDC0F1519DFB6D000EC23AE /* safari_activity@2x.png */; };
		BFDC0F1E19DFB6D500EC23AE /* RSTChromeActivity.m in Sources */ = {isa = PBXBuildFile; fileRef = BFDC0F1B19DFB6D500EC23AE /* RSTChromeActivity.m */; };
		BFDC0F1F19DFB6D500EC23AE /* RSTSafariActivity.m in Sources */ = {isa = PBXBuildFile; fileRef = BFDC0F1D19DFB6D500EC23AE /* RSTSafariActivity.m */; };
		CC4E11A91794AD5500C539A5 /* Foundation.framework in Frameworks */ = {isa = PBXBuildFile; fileRef = CC4E11A81794AD5500C539A5 /* Foundation.framework */; };
		CC4E11AB1794AD5500C539A5 /* CoreGraphics.framework in Frameworks */ = {isa = PBXBuildFile; fileRef = CC4E11AA1794AD5500C539A5 /* CoreGraphics.framework */; };
		CC4E11AD1794AD5500C539A5 /* UIKit.framework in Frameworks */ = {isa = PBXBuildFile; fileRef = CC4E11AC1794AD5500C539A5 /* UIKit.framework */; };
		CC4E11B31794AD5500C539A5 /* InfoPlist.strings in Resources */ = {isa = PBXBuildFile; fileRef = CC4E11B11794AD5500C539A5 /* InfoPlist.strings */; };
		CC4E11B51794AD5500C539A5 /* main.m in Sources */ = {isa = PBXBuildFile; fileRef = CC4E11B41794AD5500C539A5 /* main.m */; };
		CC4E11B91794AD5500C539A5 /* AppDelegate.m in Sources */ = {isa = PBXBuildFile; fileRef = CC4E11B81794AD5500C539A5 /* AppDelegate.m */; };
		CC4E11BC1794AD5500C539A5 /* Main.storyboard in Resources */ = {isa = PBXBuildFile; fileRef = CC4E11BA1794AD5500C539A5 /* Main.storyboard */; };
		CC4E11C21794AD5500C539A5 /* ViewController.m in Sources */ = {isa = PBXBuildFile; fileRef = CC4E11C11794AD5500C539A5 /* ViewController.m */; };
		CC4E11C41794AD5500C539A5 /* Images.xcassets in Resources */ = {isa = PBXBuildFile; fileRef = CC4E11C31794AD5500C539A5 /* Images.xcassets */; };
		E89C8B74C54140A1BBA16173 /* libPods.a in Frameworks */ = {isa = PBXBuildFile; fileRef = 8F9AA4DE17604AB396324FB8 /* libPods.a */; };
/* End PBXBuildFile section */

/* Begin PBXFileReference section */
		8F9AA4DE17604AB396324FB8 /* libPods.a */ = {isa = PBXFileReference; explicitFileType = archive.ar; includeInIndex = 0; path = libPods.a; sourceTree = BUILT_PRODUCTS_DIR; };
		BFDC0F0719DFB6BF00EC23AE /* RSTWebViewController.h */ = {isa = PBXFileReference; fileEncoding = 4; lastKnownFileType = sourcecode.c.h; name = RSTWebViewController.h; path = ../../RSTWebViewController/RSTWebViewController.h; sourceTree = "<group>"; };
		BFDC0F0819DFB6BF00EC23AE /* RSTWebViewController.m */ = {isa = PBXFileReference; fileEncoding = 4; lastKnownFileType = sourcecode.c.objc; name = RSTWebViewController.m; path = ../../RSTWebViewController/RSTWebViewController.m; sourceTree = "<group>"; };
		BFDC0F0A19DFB6C800EC23AE /* back_button.png */ = {isa = PBXFileReference; lastKnownFileType = image.png; name = back_button.png; path = ../../RSTWebViewController/back_button.png; sourceTree = "<group>"; };
		BFDC0F0B19DFB6C800EC23AE /* back_button@2x.png */ = {isa = PBXFileReference; lastKnownFileType = image.png; name = "back_button@2x.png"; path = "../../RSTWebViewController/back_button@2x.png"; sourceTree = "<group>"; };
		BFDC0F0C19DFB6C800EC23AE /* forward_button.png */ = {isa = PBXFileReference; lastKnownFileType = image.png; name = forward_button.png; path = ../../RSTWebViewController/forward_button.png; sourceTree = "<group>"; };
		BFDC0F0D19DFB6C800EC23AE /* forward_button@2x.png */ = {isa = PBXFileReference; lastKnownFileType = image.png; name = "forward_button@2x.png"; path = "../../RSTWebViewController/forward_button@2x.png"; sourceTree = "<group>"; };
		BFDC0F1219DFB6D000EC23AE /* chrome_activity.png */ = {isa = PBXFileReference; lastKnownFileType = image.png; name = chrome_activity.png; path = ../../RSTWebViewController/UIActivities/chrome_activity.png; sourceTree = "<group>"; };
		BFDC0F1319DFB6D000EC23AE /* chrome_activity@2x.png */ = {isa = PBXFileReference; lastKnownFileType = image.png; name = "chrome_activity@2x.png"; path = "../../RSTWebViewController/UIActivities/chrome_activity@2x.png"; sourceTree = "<group>"; };
		BFDC0F1419DFB6D000EC23AE /* safari_activity.png */ = {isa = PBXFileReference; lastKnownFileType = image.png; name = safari_activity.png; path = ../../RSTWebViewController/UIActivities/safari_activity.png; sourceTree = "<group>"; };
		BFDC0F1519DFB6D000EC23AE /* safari_activity@2x.png */ = {isa = PBXFileReference; lastKnownFileType = image.png; name = "safari_activity@2x.png"; path = "../../RSTWebViewController/UIActivities/safari_activity@2x.png"; sourceTree = "<group>"; };
		BFDC0F1A19DFB6D500EC23AE /* RSTChromeActivity.h */ = {isa = PBXFileReference; fileEncoding = 4; lastKnownFileType = sourcecode.c.h; name = RSTChromeActivity.h; path = ../../RSTWebViewController/UIActivities/RSTChromeActivity.h; sourceTree = "<group>"; };
		BFDC0F1B19DFB6D500EC23AE /* RSTChromeActivity.m */ = {isa = PBXFileReference; fileEncoding = 4; lastKnownFileType = sourcecode.c.objc; name = RSTChromeActivity.m; path = ../../RSTWebViewController/UIActivities/RSTChromeActivity.m; sourceTree = "<group>"; };
		BFDC0F1C19DFB6D500EC23AE /* RSTSafariActivity.h */ = {isa = PBXFileReference; fileEncoding = 4; lastKnownFileType = sourcecode.c.h; name = RSTSafariActivity.h; path = ../../RSTWebViewController/UIActivities/RSTSafariActivity.h; sourceTree = "<group>"; };
		BFDC0F1D19DFB6D500EC23AE /* RSTSafariActivity.m */ = {isa = PBXFileReference; fileEncoding = 4; lastKnownFileType = sourcecode.c.objc; name = RSTSafariActivity.m; path = ../../RSTWebViewController/UIActivities/RSTSafariActivity.m; sourceTree = "<group>"; };
		CC4E11A51794AD5500C539A5 /* RSTWebDemo.app */ = {isa = PBXFileReference; explicitFileType = wrapper.application; includeInIndex = 0; path = RSTWebDemo.app; sourceTree = BUILT_PRODUCTS_DIR; };
		CC4E11A81794AD5500C539A5 /* Foundation.framework */ = {isa = PBXFileReference; lastKnownFileType = wrapper.framework; name = Foundation.framework; path = System/Library/Frameworks/Foundation.framework; sourceTree = SDKROOT; };
		CC4E11AA1794AD5500C539A5 /* CoreGraphics.framework */ = {isa = PBXFileReference; lastKnownFileType = wrapper.framework; name = CoreGraphics.framework; path = System/Library/Frameworks/CoreGraphics.framework; sourceTree = SDKROOT; };
		CC4E11AC1794AD5500C539A5 /* UIKit.framework */ = {isa = PBXFileReference; lastKnownFileType = wrapper.framework; name = UIKit.framework; path = System/Library/Frameworks/UIKit.framework; sourceTree = SDKROOT; };
		CC4E11B01794AD5500C539A5 /* RSTWebDemo-Info.plist */ = {isa = PBXFileReference; lastKnownFileType = text.plist.xml; path = "RSTWebDemo-Info.plist"; sourceTree = "<group>"; };
		CC4E11B21794AD5500C539A5 /* en */ = {isa = PBXFileReference; lastKnownFileType = text.plist.strings; name = en; path = en.lproj/InfoPlist.strings; sourceTree = "<group>"; };
		CC4E11B41794AD5500C539A5 /* main.m */ = {isa = PBXFileReference; lastKnownFileType = sourcecode.c.objc; path = main.m; sourceTree = "<group>"; };
		CC4E11B61794AD5500C539A5 /* RSTWebDemo-Prefix.pch */ = {isa = PBXFileReference; lastKnownFileType = sourcecode.c.h; path = "RSTWebDemo-Prefix.pch"; sourceTree = "<group>"; };
		CC4E11B71794AD5500C539A5 /* AppDelegate.h */ = {isa = PBXFileReference; lastKnownFileType = sourcecode.c.h; path = AppDelegate.h; sourceTree = "<group>"; };
		CC4E11B81794AD5500C539A5 /* AppDelegate.m */ = {isa = PBXFileReference; lastKnownFileType = sourcecode.c.objc; path = AppDelegate.m; sourceTree = "<group>"; };
		CC4E11BB1794AD5500C539A5 /* Base */ = {isa = PBXFileReference; lastKnownFileType = file.storyboard; name = Base; path = Base.lproj/Main.storyboard; sourceTree = "<group>"; };
		CC4E11C01794AD5500C539A5 /* ViewController.h */ = {isa = PBXFileReference; lastKnownFileType = sourcecode.c.h; path = ViewController.h; sourceTree = "<group>"; };
		CC4E11C11794AD5500C539A5 /* ViewController.m */ = {isa = PBXFileReference; lastKnownFileType = sourcecode.c.objc; path = ViewController.m; sourceTree = "<group>"; };
		CC4E11C31794AD5500C539A5 /* Images.xcassets */ = {isa = PBXFileReference; lastKnownFileType = folder.assetcatalog; path = Images.xcassets; sourceTree = "<group>"; };
		CC4E11CA1794AD5500C539A5 /* XCTest.framework */ = {isa = PBXFileReference; lastKnownFileType = wrapper.framework; name = XCTest.framework; path = Library/Frameworks/XCTest.framework; sourceTree = DEVELOPER_DIR; };
		F8D77DA3202246F187702A1A /* Pods.xcconfig */ = {isa = PBXFileReference; includeInIndex = 1; lastKnownFileType = text.xcconfig; name = Pods.xcconfig; path = Pods/Pods.xcconfig; sourceTree = SOURCE_ROOT; };
/* End PBXFileReference section */

/* Begin PBXFrameworksBuildPhase section */
		CC4E11A21794AD5500C539A5 /* Frameworks */ = {
			isa = PBXFrameworksBuildPhase;
			buildActionMask = 2147483647;
			files = (
				CC4E11AB1794AD5500C539A5 /* CoreGraphics.framework in Frameworks */,
				CC4E11AD1794AD5500C539A5 /* UIKit.framework in Frameworks */,
				CC4E11A91794AD5500C539A5 /* Foundation.framework in Frameworks */,
				E89C8B74C54140A1BBA16173 /* libPods.a in Frameworks */,
			);
			runOnlyForDeploymentPostprocessing = 0;
		};
/* End PBXFrameworksBuildPhase section */

/* Begin PBXGroup section */
		BFDC0F2019DFB6DA00EC23AE /* Resources */ = {
			isa = PBXGroup;
			children = (
				BFDC0F0A19DFB6C800EC23AE /* back_button.png */,
				BFDC0F0B19DFB6C800EC23AE /* back_button@2x.png */,
				BFDC0F0C19DFB6C800EC23AE /* forward_button.png */,
				BFDC0F0D19DFB6C800EC23AE /* forward_button@2x.png */,
				BFDC0F1219DFB6D000EC23AE /* chrome_activity.png */,
				BFDC0F1319DFB6D000EC23AE /* chrome_activity@2x.png */,
				BFDC0F1419DFB6D000EC23AE /* safari_activity.png */,
				BFDC0F1519DFB6D000EC23AE /* safari_activity@2x.png */,
			);
			name = Resources;
			sourceTree = "<group>";
		};
		CC4E119C1794AD5500C539A5 = {
			isa = PBXGroup;
			children = (
				CC4E11AE1794AD5500C539A5 /* RSTWebDemo */,
				CC4E11A71794AD5500C539A5 /* Frameworks */,
				CC4E11A61794AD5500C539A5 /* Products */,
				F8D77DA3202246F187702A1A /* Pods.xcconfig */,
			);
			sourceTree = "<group>";
		};
		CC4E11A61794AD5500C539A5 /* Products */ = {
			isa = PBXGroup;
			children = (
				CC4E11A51794AD5500C539A5 /* RSTWebDemo.app */,
			);
			name = Products;
			sourceTree = "<group>";
		};
		CC4E11A71794AD5500C539A5 /* Frameworks */ = {
			isa = PBXGroup;
			children = (
				CC4E11A81794AD5500C539A5 /* Foundation.framework */,
				CC4E11AA1794AD5500C539A5 /* CoreGraphics.framework */,
				CC4E11AC1794AD5500C539A5 /* UIKit.framework */,
				CC4E11CA1794AD5500C539A5 /* XCTest.framework */,
				8F9AA4DE17604AB396324FB8 /* libPods.a */,
			);
			name = Frameworks;
			sourceTree = "<group>";
		};
		CC4E11AE1794AD5500C539A5 /* RSTWebDemo */ = {
			isa = PBXGroup;
			children = (
				CC4E11B71794AD5500C539A5 /* AppDelegate.h */,
				CC4E11B81794AD5500C539A5 /* AppDelegate.m */,
				CC4E11BA1794AD5500C539A5 /* Main.storyboard */,
				CC4E11C01794AD5500C539A5 /* ViewController.h */,
				CC4E11C11794AD5500C539A5 /* ViewController.m */,
				CCD9FAAC17A119E3000B5750 /* RSTWebViewController */,
				CC4E11C31794AD5500C539A5 /* Images.xcassets */,
				CC4E11AF1794AD5500C539A5 /* Supporting Files */,
			);
			path = RSTWebDemo;
			sourceTree = "<group>";
		};
		CC4E11AF1794AD5500C539A5 /* Supporting Files */ = {
			isa = PBXGroup;
			children = (
				CC4E11B01794AD5500C539A5 /* RSTWebDemo-Info.plist */,
				CC4E11B11794AD5500C539A5 /* InfoPlist.strings */,
				CC4E11B41794AD5500C539A5 /* main.m */,
				CC4E11B61794AD5500C539A5 /* RSTWebDemo-Prefix.pch */,
			);
			name = "Supporting Files";
			sourceTree = "<group>";
		};
		CCD9FAAC17A119E3000B5750 /* RSTWebViewController */ = {
			isa = PBXGroup;
			children = (
				BFDC0F0719DFB6BF00EC23AE /* RSTWebViewController.h */,
				BFDC0F0819DFB6BF00EC23AE /* RSTWebViewController.m */,
				BFDC0F1A19DFB6D500EC23AE /* RSTChromeActivity.h */,
				BFDC0F1B19DFB6D500EC23AE /* RSTChromeActivity.m */,
				BFDC0F1C19DFB6D500EC23AE /* RSTSafariActivity.h */,
				BFDC0F1D19DFB6D500EC23AE /* RSTSafariActivity.m */,
				BFDC0F2019DFB6DA00EC23AE /* Resources */,
			);
			name = RSTWebViewController;
			sourceTree = "<group>";
		};
/* End PBXGroup section */

/* Begin PBXNativeTarget section */
		CC4E11A41794AD5500C539A5 /* RSTWebDemo */ = {
			isa = PBXNativeTarget;
			buildConfigurationList = CC4E11DA1794AD5500C539A5 /* Build configuration list for PBXNativeTarget "RSTWebDemo" */;
			buildPhases = (
				7AE6DE39B157410A8B10613C /* Check Pods Manifest.lock */,
				CC4E11A11794AD5500C539A5 /* Sources */,
				CC4E11A21794AD5500C539A5 /* Frameworks */,
				CC4E11A31794AD5500C539A5 /* Resources */,
				7F5F2A9AFEC54175A7866201 /* Copy Pods Resources */,
			);
			buildRules = (
			);
			dependencies = (
			);
			name = RSTWebDemo;
			productName = RSTWebDemo;
			productReference = CC4E11A51794AD5500C539A5 /* RSTWebDemo.app */;
			productType = "com.apple.product-type.application";
		};
/* End PBXNativeTarget section */

/* Begin PBXProject section */
		CC4E119D1794AD5500C539A5 /* Project object */ = {
			isa = PBXProject;
			attributes = {
				LastUpgradeCheck = 0500;
				ORGANIZATIONNAME = "Riley Testut";
			};
			buildConfigurationList = CC4E11A01794AD5500C539A5 /* Build configuration list for PBXProject "RSTWebDemo" */;
			compatibilityVersion = "Xcode 3.2";
			developmentRegion = English;
			hasScannedForEncodings = 0;
			knownRegions = (
				en,
				Base,
			);
			mainGroup = CC4E119C1794AD5500C539A5;
			productRefGroup = CC4E11A61794AD5500C539A5 /* Products */;
			projectDirPath = "";
			projectRoot = "";
			targets = (
				CC4E11A41794AD5500C539A5 /* RSTWebDemo */,
			);
		};
/* End PBXProject section */

/* Begin PBXResourcesBuildPhase section */
		CC4E11A31794AD5500C539A5 /* Resources */ = {
			isa = PBXResourcesBuildPhase;
			buildActionMask = 2147483647;
			files = (
				BFDC0F1919DFB6D000EC23AE /* safari_activity@2x.png in Resources */,
				CC4E11C41794AD5500C539A5 /* Images.xcassets in Resources */,
				BFDC0F1719DFB6D000EC23AE /* chrome_activity@2x.png in Resources */,
				BFDC0F0E19DFB6C800EC23AE /* back_button.png in Resources */,
				BFDC0F1819DFB6D000EC23AE /* safari_activity.png in Resources */,
				BFDC0F1119DFB6C800EC23AE /* forward_button@2x.png in Resources */,
				BFDC0F0F19DFB6C800EC23AE /* back_button@2x.png in Resources */,
				CC4E11BC1794AD5500C539A5 /* Main.storyboard in Resources */,
				BFDC0F1619DFB6D000EC23AE /* chrome_activity.png in Resources */,
				BFDC0F1019DFB6C800EC23AE /* forward_button.png in Resources */,
				CC4E11B31794AD5500C539A5 /* InfoPlist.strings in Resources */,
			);
			runOnlyForDeploymentPostprocessing = 0;
		};
/* End PBXResourcesBuildPhase section */

/* Begin PBXShellScriptBuildPhase section */
		7AE6DE39B157410A8B10613C /* Check Pods Manifest.lock */ = {
			isa = PBXShellScriptBuildPhase;
			buildActionMask = 2147483647;
			files = (
			);
			inputPaths = (
			);
			name = "Check Pods Manifest.lock";
			outputPaths = (
			);
			runOnlyForDeploymentPostprocessing = 0;
			shellPath = /bin/sh;
			shellScript = "diff \"${PODS_ROOT}/../Podfile.lock\" \"${PODS_ROOT}/Manifest.lock\" > /dev/null\nif [[ $? != 0 ]] ; then\n    cat << EOM\nerror: The sandbox is not in sync with the Podfile.lock. Run 'pod install' or update your CocoaPods installation.\nEOM\n    exit 1\nfi\n";
		};
		7F5F2A9AFEC54175A7866201 /* Copy Pods Resources */ = {
			isa = PBXShellScriptBuildPhase;
			buildActionMask = 2147483647;
			files = (
			);
			inputPaths = (
			);
			name = "Copy Pods Resources";
			outputPaths = (
			);
			runOnlyForDeploymentPostprocessing = 0;
			shellPath = /bin/sh;
			shellScript = "\"${SRCROOT}/Pods/Pods-resources.sh\"\n";
		};
/* End PBXShellScriptBuildPhase section */

/* Begin PBXSourcesBuildPhase section */
		CC4E11A11794AD5500C539A5 /* Sources */ = {
			isa = PBXSourcesBuildPhase;
			buildActionMask = 2147483647;
			files = (
				BFDC0F1F19DFB6D500EC23AE /* RSTSafariActivity.m in Sources */,
				BFDC0F0919DFB6C000EC23AE /* RSTWebViewController.m in Sources */,
				BFDC0F1E19DFB6D500EC23AE /* RSTChromeActivity.m in Sources */,
				CC4E11C21794AD5500C539A5 /* ViewController.m in Sources */,
				CC4E11B91794AD5500C539A5 /* AppDelegate.m in Sources */,
				CC4E11B51794AD5500C539A5 /* main.m in Sources */,
			);
			runOnlyForDeploymentPostprocessing = 0;
		};
/* End PBXSourcesBuildPhase section */

/* Begin PBXVariantGroup section */
		CC4E11B11794AD5500C539A5 /* InfoPlist.strings */ = {
			isa = PBXVariantGroup;
			children = (
				CC4E11B21794AD5500C539A5 /* en */,
			);
			name = InfoPlist.strings;
			sourceTree = "<group>";
		};
		CC4E11BA1794AD5500C539A5 /* Main.storyboard */ = {
			isa = PBXVariantGroup;
			children = (
				CC4E11BB1794AD5500C539A5 /* Base */,
			);
			name = Main.storyboard;
			sourceTree = "<group>";
		};
/* End PBXVariantGroup section */

/* Begin XCBuildConfiguration section */
		CC4E11D81794AD5500C539A5 /* Debug */ = {
			isa = XCBuildConfiguration;
			buildSettings = {
				ALWAYS_SEARCH_USER_PATHS = NO;
				CLANG_CXX_LANGUAGE_STANDARD = "gnu++0x";
				CLANG_CXX_LIBRARY = "libc++";
				CLANG_ENABLE_MODULES = YES;
				CLANG_ENABLE_OBJC_ARC = YES;
				CLANG_WARN_BOOL_CONVERSION = YES;
				CLANG_WARN_CONSTANT_CONVERSION = YES;
				CLANG_WARN_DIRECT_OBJC_ISA_USAGE = YES_ERROR;
				CLANG_WARN_EMPTY_BODY = YES;
				CLANG_WARN_ENUM_CONVERSION = YES;
				CLANG_WARN_INT_CONVERSION = YES;
				CLANG_WARN_OBJC_ROOT_CLASS = YES_ERROR;
				CLANG_WARN__DUPLICATE_METHOD_MATCH = YES;
				"CODE_SIGN_IDENTITY[sdk=iphoneos*]" = "iPhone Developer";
				COPY_PHASE_STRIP = NO;
				GCC_C_LANGUAGE_STANDARD = gnu99;
				GCC_DYNAMIC_NO_PIC = NO;
				GCC_OPTIMIZATION_LEVEL = 0;
				GCC_PREPROCESSOR_DEFINITIONS = (
					"DEBUG=1",
					"$(inherited)",
				);
				GCC_SYMBOLS_PRIVATE_EXTERN = NO;
				GCC_WARN_ABOUT_RETURN_TYPE = YES_ERROR;
				GCC_WARN_UNDECLARED_SELECTOR = YES;
				GCC_WARN_UNINITIALIZED_AUTOS = YES;
				GCC_WARN_UNUSED_FUNCTION = YES;
				GCC_WARN_UNUSED_VARIABLE = YES;
				IPHONEOS_DEPLOYMENT_TARGET = 7.0;
				ONLY_ACTIVE_ARCH = YES;
				SDKROOT = iphoneos;
				TARGETED_DEVICE_FAMILY = "1,2";
			};
			name = Debug;
		};
		CC4E11D91794AD5500C539A5 /* Release */ = {
			isa = XCBuildConfiguration;
			buildSettings = {
				ALWAYS_SEARCH_USER_PATHS = NO;
				CLANG_CXX_LANGUAGE_STANDARD = "gnu++0x";
				CLANG_CXX_LIBRARY = "libc++";
				CLANG_ENABLE_MODULES = YES;
				CLANG_ENABLE_OBJC_ARC = YES;
				CLANG_WARN_BOOL_CONVERSION = YES;
				CLANG_WARN_CONSTANT_CONVERSION = YES;
				CLANG_WARN_DIRECT_OBJC_ISA_USAGE = YES_ERROR;
				CLANG_WARN_EMPTY_BODY = YES;
				CLANG_WARN_ENUM_CONVERSION = YES;
				CLANG_WARN_INT_CONVERSION = YES;
				CLANG_WARN_OBJC_ROOT_CLASS = YES_ERROR;
				CLANG_WARN__DUPLICATE_METHOD_MATCH = YES;
				"CODE_SIGN_IDENTITY[sdk=iphoneos*]" = "iPhone Developer";
				COPY_PHASE_STRIP = YES;
				ENABLE_NS_ASSERTIONS = NO;
				GCC_C_LANGUAGE_STANDARD = gnu99;
				GCC_WARN_ABOUT_RETURN_TYPE = YES_ERROR;
				GCC_WARN_UNDECLARED_SELECTOR = YES;
				GCC_WARN_UNINITIALIZED_AUTOS = YES;
				GCC_WARN_UNUSED_FUNCTION = YES;
				GCC_WARN_UNUSED_VARIABLE = YES;
				IPHONEOS_DEPLOYMENT_TARGET = 7.0;
				SDKROOT = iphoneos;
				TARGETED_DEVICE_FAMILY = "1,2";
				VALIDATE_PRODUCT = YES;
			};
			name = Release;
		};
		CC4E11DB1794AD5500C539A5 /* Debug */ = {
			isa = XCBuildConfiguration;
			baseConfigurationReference = F8D77DA3202246F187702A1A /* Pods.xcconfig */;
			buildSettings = {
				ASSETCATALOG_COMPILER_APPICON_NAME = AppIcon;
				ASSETCATALOG_COMPILER_LAUNCHIMAGE_NAME = LaunchImage;
				GCC_PRECOMPILE_PREFIX_HEADER = YES;
				GCC_PREFIX_HEADER = "RSTWebDemo/RSTWebDemo-Prefix.pch";
				INFOPLIST_FILE = "RSTWebDemo/RSTWebDemo-Info.plist";
				PRODUCT_NAME = "$(TARGET_NAME)";
				WRAPPER_EXTENSION = app;
			};
			name = Debug;
		};
		CC4E11DC1794AD5500C539A5 /* Release */ = {
			isa = XCBuildConfiguration;
			baseConfigurationReference = F8D77DA3202246F187702A1A /* Pods.xcconfig */;
			buildSettings = {
				ASSETCATALOG_COMPILER_APPICON_NAME = AppIcon;
				ASSETCATALOG_COMPILER_LAUNCHIMAGE_NAME = LaunchImage;
				GCC_PRECOMPILE_PREFIX_HEADER = YES;
				GCC_PREFIX_HEADER = "RSTWebDemo/RSTWebDemo-Prefix.pch";
				INFOPLIST_FILE = "RSTWebDemo/RSTWebDemo-Info.plist";
				PRODUCT_NAME = "$(TARGET_NAME)";
				WRAPPER_EXTENSION = app;
			};
			name = Release;
		};
/* End XCBuildConfiguration section */

/* Begin XCConfigurationList section */
		CC4E11A01794AD5500C539A5 /* Build configuration list for PBXProject "RSTWebDemo" */ = {
			isa = XCConfigurationList;
			buildConfigurations = (
				CC4E11D81794AD5500C539A5 /* Debug */,
				CC4E11D91794AD5500C539A5 /* Release */,
			);
			defaultConfigurationIsVisible = 0;
			defaultConfigurationName = Release;
		};
		CC4E11DA1794AD5500C539A5 /* Build configuration list for PBXNativeTarget "RSTWebDemo" */ = {
			isa = XCConfigurationList;
			buildConfigurations = (
				CC4E11DB1794AD5500C539A5 /* Debug */,
				CC4E11DC1794AD5500C539A5 /* Release */,
			);
			defaultConfigurationIsVisible = 0;
			defaultConfigurationName = Release;
		};
/* End XCConfigurationList section */
	};
	rootObject = CC4E119D1794AD5500C539A5 /* Project object */;
}
